
Microsoft Visual Studio Solution File, Format Version 12.00
# Visual Studio Version 16
VisualStudioVersion = 16.0.30225.117
MinimumVisualStudioVersion = 10.0.40219.1
Project("{FAE04EC0-301F-11D3-BF4B-00C04F79EFBC}") = "eSearch", "WindowsFormsApp1\eSearch.csproj", "{2C6C5591-2C9C-40AF-A648-53F4D7DEF5CB}"
EndProject
Project("{54435603-DBB4-11D2-8724-00A0C9A8B90C}") = "eSearchSetup", "eSearchSetup\eSearchSetup.vdproj", "{EA16A415-1562-4A94-A6F7-BF2D407991F5}"
EndProject
Global
	GlobalSection(SolutionConfigurationPlatforms) = preSolution
		Debug|Any CPU = Debug|Any CPU
		Release|Any CPU = Release|Any CPU
	EndGlobalSection
	GlobalSection(ProjectConfigurationPlatforms) = postSolution
		{2C6C5591-2C9C-40AF-A648-53F4D7DEF5CB}.Debug|Any CPU.ActiveCfg = Debug|Any CPU
		{2C6C5591-2C9C-40AF-A648-53F4D7DEF5CB}.Debug|Any CPU.Build.0 = Debug|Any CPU
		{2C6C5591-2C9C-40AF-A648-53F4D7DEF5CB}.Release|Any CPU.ActiveCfg = Release|Any CPU
		{2C6C5591-2C9C-40AF-A648-53F4D7DEF5CB}.Release|Any CPU.Build.0 = Release|Any CPU
		{EA16A415-1562-4A94-A6F7-BF2D407991F5}.Debug|Any CPU.ActiveCfg = Debug
		{EA16A415-1562-4A94-A6F7-BF2D407991F5}.Release|Any CPU.ActiveCfg = Release
	EndGlobalSection
	GlobalSection(SolutionProperties) = preSolution
		HideSolutionNode = FALSE
	EndGlobalSection
	GlobalSection(ExtensibilityGlobals) = postSolution
		SolutionGuid = {927F3054-0343-4B9D-9D1B-62347E4725D1}
	EndGlobalSection
EndGlobal
